
Microsoft Visual Studio Solution File, Format Version 12.00
# Visual Studio Version 16
VisualStudioVersion = 16.0.30804.86
MinimumVisualStudioVersion = 10.0.40219.1
Project("{FAE04EC0-301F-11D3-BF4B-00C04F79EFBC}") = "Progra3", "Progra3.csproj", "{A9FF0A30-DDB7-4725-A016-6A53D75097DA}"
EndProject
Global
	GlobalSection(SolutionConfigurationPlatforms) = preSolution
		Debug|Any CPU = Debug|Any CPU
		Release|Any CPU = Release|Any CPU
	EndGlobalSection
	GlobalSection(ProjectConfigurationPlatforms) = postSolution
		{A9FF0A30-DDB7-4725-A016-6A53D75097DA}.Debug|Any CPU.ActiveCfg = Debug|Any CPU
		{A9FF0A30-DDB7-4725-A016-6A53D75097DA}.Debug|Any CPU.Build.0 = Debug|Any CPU
		{A9FF0A30-DDB7-4725-A016-6A53D75097DA}.Release|Any CPU.ActiveCfg = Release|Any CPU
		{A9FF0A30-DDB7-4725-A016-6A53D75097DA}.Release|Any CPU.Build.0 = Release|Any CPU
	EndGlobalSection
	GlobalSection(SolutionProperties) = preSolution
		HideSolutionNode = FALSE
	EndGlobalSection
	GlobalSection(ExtensibilityGlobals) = postSolution
		SolutionGuid = {B64056F2-6F43-4B80-A59C-28622631FC74}
	EndGlobalSection
EndGlobal
